<?xml version="1.0" encoding="utf-8"?>
<Project ToolsVersion="4.0" xmlns="http://schemas.microsoft.com/developer/msbuild/2003">
  <ItemGroup>
    <Filter Include="Source Files">
      <UniqueIdentifier>{4FC737F1-C7A5-4376-A066-2A32D752A2FF}</UniqueIdentifier>
      <Extensions>cpp;c;cc;cxx;def;odl;idl;hpj;bat;asm;asmx</Extensions>
    </Filter>
    <Filter Include="Header Files">
      <UniqueIdentifier>{93995380-89BD-4b04-88EB-625FBE52EBFB}</UniqueIdentifier>
      <Extensions>h;hh;hpp;hxx;hm;inl;inc;xsd</Extensions>
    </Filter>
    <Filter Include="Resource Files">
      <UniqueIdentifier>{67DA6AB6-F800-4c08-8B7A-83BB121AAD01}</UniqueIdentifier>
      <Extensions>rc;ico;cur;bmp;dlg;rc2;rct;bin;rgs;gif;jpg;jpeg;jpe;resx;tiff;tif;png;wav;mfcribbon-ms</Extensions>
    </Filter>
    <Filter Include="Source Files\Other">
      <UniqueIdentifier>{f4cf45e9-3078-48bd-80ac-c94ba0dd3380}</UniqueIdentifier>
    </Filter>
    <Filter Include="Header Files\Other">
      <UniqueIdentifier>{00172b88-faf3-4464-8244-d2d10afbefc1}</UniqueIdentifier>
    </Filter>
    <Filter Include="Source Files\Base">
      <UniqueIdentifier>{1b40be20-5440-4c23-baba-1c59fb148cfa}</UniqueIdentifier>
    </Filter>
    <Filter Include="Header Files\Base">
      <UniqueIdentifier>{9d5429a3-c75a-4c41-b081-e0db7215cd99}</UniqueIdentifier>
    </Filter>
    <Filter Include="Header Files\Game">
      <UniqueIdentifier>{67eafc11-7d07-402d-98f8-5f37a352c986}</UniqueIdentifier>
    </Filter>
    <Filter Include="Header Files\Game\Weapon">
      <UniqueIdentifier>{2b18ab99-1264-4cc0-adba-77932bd6c955}</UniqueIdentifier>
    </Filter>
    <Filter Include="Source Files\Game">
      <UniqueIdentifier>{3d8cea09-74ed-48ce-8e16-2880564b1b76}</UniqueIdentifier>
    </Filter>
    <Filter Include="Source Files\Game\Weapon">
      <UniqueIdentifier>{93fb56e4-7110-44cb-9d69-9b37bba7ec1e}</UniqueIdentifier>
    </Filter>
    <Filter Include="Header Files\Game\Powerup">
      <UniqueIdentifier>{9b1d18e3-2bfe-4b65-8b6d-ecbc6e72322d}</UniqueIdentifier>
    </Filter>
    <Filter Include="Source Files\Game\Powerup">
      <UniqueIdentifier>{4d45bd31-435d-43e3-a2cc-ef0ce8539947}</UniqueIdentifier>
    </Filter>
    <Filter Include="Header Files\Game\Weapon\Projectiles">
      <UniqueIdentifier>{3646a9c7-90f0-4449-a9a8-f091a2f47bf7}</UniqueIdentifier>
    </Filter>
    <Filter Include="Source Files\Game\Weapon\Projectiles">
      <UniqueIdentifier>{d5c3601b-1de0-40da-ab5d-4748d57e27d2}</UniqueIdentifier>
    </Filter>
  </ItemGroup>
  <ItemGroup>
    <ClInclude Include="helper.h">
      <Filter>Header Files\Other</Filter>
    </ClInclude>
    <ClInclude Include="resource.h">
      <Filter>Header Files\Other</Filter>
    </ClInclude>
    <ClInclude Include="stdafx.h">
      <Filter>Header Files\Other</Filter>
    </ClInclude>
    <ClInclude Include="targetver.h">
      <Filter>Header Files\Other</Filter>
    </ClInclude>
    <ClInclude Include="drawable.h">
      <Filter>Header Files\Base</Filter>
    </ClInclude>
    <ClInclude Include="moveable.h">
      <Filter>Header Files\Base</Filter>
    </ClInclude>
    <ClInclude Include="constants.h">
      <Filter>Header Files\Other</Filter>
    </ClInclude>
    <ClInclude Include="collidable.h">
      <Filter>Header Files\Base</Filter>
    </ClInclude>
    <ClInclude Include="weapon.h">
      <Filter>Header Files\Game\Weapon</Filter>
    </ClInclude>
    <ClInclude Include="zombie.h">
      <Filter>Header Files\Game</Filter>
    </ClInclude>
    <ClInclude Include="player.h">
      <Filter>Header Files\Game</Filter>
    </ClInclude>
    <ClInclude Include="game.h">
      <Filter>Header Files\Game</Filter>
    </ClInclude>
    <ClInclude Include="resources.h">
      <Filter>Header Files\Other</Filter>
    </ClInclude>
    <ClInclude Include="controller.h">
      <Filter>Header Files\Other</Filter>
    </ClInclude>
    <ClInclude Include="handgun.h">
      <Filter>Header Files\Game\Weapon</Filter>
    </ClInclude>
    <ClInclude Include="powerup.h">
      <Filter>Header Files\Game\Powerup</Filter>
    </ClInclude>
    <ClInclude Include="shotgun_power.h">
      <Filter>Header Files\Game\Powerup</Filter>
    </ClInclude>
    <ClInclude Include="shotgun.h">
      <Filter>Header Files\Game\Weapon</Filter>
    </ClInclude>
    <ClInclude Include="flamethrower_power.h">
      <Filter>Header Files\Game\Powerup</Filter>
    </ClInclude>
    <ClInclude Include="rpg_power.h">
      <Filter>Header Files\Game\Powerup</Filter>
    </ClInclude>
    <ClInclude Include="flamethrower.h">
      <Filter>Header Files\Game\Weapon</Filter>
    </ClInclude>
    <ClInclude Include="projectile.h">
      <Filter>Header Files\Game\Weapon\Projectiles</Filter>
    </ClInclude>
    <ClInclude Include="bullet.h">
      <Filter>Header Files\Game\Weapon\Projectiles</Filter>
    </ClInclude>
    <ClInclude Include="flame.h">
      <Filter>Header Files\Game\Weapon\Projectiles</Filter>
    </ClInclude>
  </ItemGroup>
  <ItemGroup>
    <ClCompile Include="main.cpp">
      <Filter>Source Files\Other</Filter>
    </ClCompile>
    <ClCompile Include="stdafx.cpp">
      <Filter>Source Files\Other</Filter>
    </ClCompile>
    <ClCompile Include="drawable.cpp">
      <Filter>Source Files\Base</Filter>
    </ClCompile>
    <ClCompile Include="moveable.cpp">
      <Filter>Source Files\Base</Filter>
    </ClCompile>
    <ClCompile Include="weapon.cpp">
      <Filter>Source Files\Game\Weapon</Filter>
    </ClCompile>
    <ClCompile Include="collidable.cpp">
      <Filter>Source Files\Base</Filter>
    </ClCompile>
    <ClCompile Include="game.cpp">
      <Filter>Source Files\Game</Filter>
    </ClCompile>
    <ClCompile Include="player.cpp">
      <Filter>Source Files\Game</Filter>
    </ClCompile>
    <ClCompile Include="zombie.cpp">
      <Filter>Source Files\Game</Filter>
    </ClCompile>
    <ClCompile Include="controller.cpp">
      <Filter>Source Files\Other</Filter>
    </ClCompile>
    <ClCompile Include="handgun.cpp">
      <Filter>Source Files\Game\Weapon</Filter>
    </ClCompile>
    <ClCompile Include="powerup.cpp">
      <Filter>Source Files\Game\Powerup</Filter>
    </ClCompile>
    <ClCompile Include="shotgun_power.cpp">
      <Filter>Source Files\Game\Powerup</Filter>
    </ClCompile>
    <ClCompile Include="shotgun.cpp">
      <Filter>Source Files\Game\Weapon</Filter>
    </ClCompile>
    <ClCompile Include="flamethrower_power.cpp">
      <Filter>Source Files\Game\Powerup</Filter>
    </ClCompile>
    <ClCompile Include="rpg_power.cpp">
      <Filter>Source Files\Game\Powerup</Filter>
    </ClCompile>
    <ClCompile Include="flamethrower.cpp">
      <Filter>Source Files\Game\Weapon</Filter>
    </ClCompile>
    <ClCompile Include="projectile.cpp">
      <Filter>Source Files\Game\Weapon\Projectiles</Filter>
    </ClCompile>
    <ClCompile Include="bullet.cpp">
      <Filter>Source Files\Game\Weapon\Projectiles</Filter>
    </ClCompile>
    <ClCompile Include="flame.cpp">
      <Filter>Source Files\Game\Weapon\Projectiles</Filter>
    </ClCompile>
  </ItemGroup>
  <ItemGroup>
    <ResourceCompile Include="SFML_Template.rc">
      <Filter>Resource Files</Filter>
    </ResourceCompile>
  </ItemGroup>
  <ItemGroup>
    <Image Include="Assets\background.png">
      <Filter>Resource Files</Filter>
    </Image>
    <Image Include="Assets\bullet.png">
      <Filter>Resource Files</Filter>
    </Image>
    <Image Include="Assets\player\idle.png">
      <Filter>Resource Files</Filter>
    </Image>
    <Image Include="Assets\zombie\idle.png">
      <Filter>Resource Files</Filter>
    </Image>
    <Image Include="Assets\weapons\flamethrower.png">
      <Filter>Resource Files</Filter>
    </Image>
    <Image Include="Assets\weapons\flamethrower_s.png">
      <Filter>Resource Files</Filter>
    </Image>
    <Image Include="Assets\weapons\rocket.png">
      <Filter>Resource Files</Filter>
    </Image>
    <Image Include="Assets\weapons\rocket_s.png">
      <Filter>Resource Files</Filter>
    </Image>
    <Image Include="Assets\weapons\shotgun.png">
      <Filter>Resource Files</Filter>
    </Image>
    <Image Include="Assets\weapons\shotgun_s.png">
      <Filter>Resource Files</Filter>
    </Image>
    <Image Include="Assets\weapons\flame.png">
      <Filter>Resource Files</Filter>
    </Image>
  </ItemGroup>
  <ItemGroup>
    <Font Include="Assets\emulogic.ttf" />
  </ItemGroup>
</Project>